// !$*UTF8*$!
{
	archiveVersion = 1;
	classes = {
	};
	objectVersion = 56;
	objects = {

/* Begin PBXBuildFile section */
		1D3C5CCF2B13C12E009FB46C /* SpinnerView.xib in Resources */ = {isa = PBXBuildFile; fileRef = 1D3C5CCE2B13C12E009FB46C /* SpinnerView.xib */; };
		1D43AA212ADD9629007ED903 /* DetailPostViewController.swift in Sources */ = {isa = PBXBuildFile; fileRef = 1D43AA202ADD9629007ED903 /* DetailPostViewController.swift */; };
		1D43AA262ADD9FDA007ED903 /* UIImageView.swift in Sources */ = {isa = PBXBuildFile; fileRef = 1D43AA252ADD9FDA007ED903 /* UIImageView.swift */; };
		1D43AA2A2ADDAB89007ED903 /* DetailPostModel.swift in Sources */ = {isa = PBXBuildFile; fileRef = 1D43AA292ADDAB89007ED903 /* DetailPostModel.swift */; };
		1D43AA2C2ADDB25E007ED903 /* DetailPostRequestResponse.swift in Sources */ = {isa = PBXBuildFile; fileRef = 1D43AA2B2ADDB25E007ED903 /* DetailPostRequestResponse.swift */; };
		1D43AA2E2AE5A182007ED903 /* DetailPostViewModel.swift in Sources */ = {isa = PBXBuildFile; fileRef = 1D43AA2D2AE5A182007ED903 /* DetailPostViewModel.swift */; };
		1D43AA302AE5A640007ED903 /* PostStoryboard.storyboard in Resources */ = {isa = PBXBuildFile; fileRef = 1D43AA2F2AE5A640007ED903 /* PostStoryboard.storyboard */; };
		1D4C73A92AD47E5E00E07768 /* NetworkService.swift in Sources */ = {isa = PBXBuildFile; fileRef = 1D4C73A82AD47E5E00E07768 /* NetworkService.swift */; };
		1D4C73AE2AD4870800E07768 /* PostModel.swift in Sources */ = {isa = PBXBuildFile; fileRef = 1D4C73AD2AD4870800E07768 /* PostModel.swift */; };
		1D4C73B02AD487EE00E07768 /* PostsViewModel.swift in Sources */ = {isa = PBXBuildFile; fileRef = 1D4C73AF2AD487EE00E07768 /* PostsViewModel.swift */; };
		1D4C73B22AD4930200E07768 /* PostsRequestResponse.swift in Sources */ = {isa = PBXBuildFile; fileRef = 1D4C73B12AD4930200E07768 /* PostsRequestResponse.swift */; };
		1D5AA1672ACC7DCA005CF9C5 /* AppDelegate.swift in Sources */ = {isa = PBXBuildFile; fileRef = 1D5AA1662ACC7DCA005CF9C5 /* AppDelegate.swift */; };
		1D5AA1692ACC7DCA005CF9C5 /* SceneDelegate.swift in Sources */ = {isa = PBXBuildFile; fileRef = 1D5AA1682ACC7DCA005CF9C5 /* SceneDelegate.swift */; };
		1D5AA16B2ACC7DCA005CF9C5 /* PostsViewController.swift in Sources */ = {isa = PBXBuildFile; fileRef = 1D5AA16A2ACC7DCA005CF9C5 /* PostsViewController.swift */; };
		1D5AA16E2ACC7DCA005CF9C5 /* PostsStoryboard.storyboard in Resources */ = {isa = PBXBuildFile; fileRef = 1D5AA16C2ACC7DCA005CF9C5 /* PostsStoryboard.storyboard */; };
		1D5AA1702ACC7DCB005CF9C5 /* Assets.xcassets in Resources */ = {isa = PBXBuildFile; fileRef = 1D5AA16F2ACC7DCB005CF9C5 /* Assets.xcassets */; };
		1D5AA1732ACC7DCB005CF9C5 /* LaunchScreen.storyboard in Resources */ = {isa = PBXBuildFile; fileRef = 1D5AA1712ACC7DCB005CF9C5 /* LaunchScreen.storyboard */; };
		1DC54EF42ACDF2CF002D4249 /* PostCell.swift in Sources */ = {isa = PBXBuildFile; fileRef = 1DC54EF22ACDF2CF002D4249 /* PostCell.swift */; };
		1DC54EF52ACDF2CF002D4249 /* PostCell.xib in Resources */ = {isa = PBXBuildFile; fileRef = 1DC54EF32ACDF2CF002D4249 /* PostCell.xib */; };
		7E5B5D238D8710EA25FFB9BA /* Pods_TestTask.framework in Frameworks */ = {isa = PBXBuildFile; fileRef = FE9AC8FD66B8B158C013425C /* Pods_TestTask.framework */; };
/* End PBXBuildFile section */

/* Begin PBXFileReference section */
		1D3C5CCE2B13C12E009FB46C /* SpinnerView.xib */ = {isa = PBXFileReference; lastKnownFileType = file.xib; path = SpinnerView.xib; sourceTree = "<group>"; };
		1D43AA202ADD9629007ED903 /* DetailPostViewController.swift */ = {isa = PBXFileReference; lastKnownFileType = sourcecode.swift; path = DetailPostViewController.swift; sourceTree = "<group>"; };
		1D43AA252ADD9FDA007ED903 /* UIImageView.swift */ = {isa = PBXFileReference; lastKnownFileType = sourcecode.swift; path = UIImageView.swift; sourceTree = "<group>"; };
		1D43AA292ADDAB89007ED903 /* DetailPostModel.swift */ = {isa = PBXFileReference; lastKnownFileType = sourcecode.swift; path = DetailPostModel.swift; sourceTree = "<group>"; };
		1D43AA2B2ADDB25E007ED903 /* DetailPostRequestResponse.swift */ = {isa = PBXFileReference; lastKnownFileType = sourcecode.swift; path = DetailPostRequestResponse.swift; sourceTree = "<group>"; };
		1D43AA2D2AE5A182007ED903 /* DetailPostViewModel.swift */ = {isa = PBXFileReference; lastKnownFileType = sourcecode.swift; path = DetailPostViewModel.swift; sourceTree = "<group>"; };
		1D43AA2F2AE5A640007ED903 /* PostStoryboard.storyboard */ = {isa = PBXFileReference; lastKnownFileType = file.storyboard; path = PostStoryboard.storyboard; sourceTree = "<group>"; };
		1D4C73A82AD47E5E00E07768 /* NetworkService.swift */ = {isa = PBXFileReference; lastKnownFileType = sourcecode.swift; path = NetworkService.swift; sourceTree = "<group>"; };
		1D4C73AD2AD4870800E07768 /* PostModel.swift */ = {isa = PBXFileReference; lastKnownFileType = sourcecode.swift; path = PostModel.swift; sourceTree = "<group>"; };
		1D4C73AF2AD487EE00E07768 /* PostsViewModel.swift */ = {isa = PBXFileReference; lastKnownFileType = sourcecode.swift; path = PostsViewModel.swift; sourceTree = "<group>"; };
		1D4C73B12AD4930200E07768 /* PostsRequestResponse.swift */ = {isa = PBXFileReference; lastKnownFileType = sourcecode.swift; path = PostsRequestResponse.swift; sourceTree = "<group>"; };
		1D5AA1632ACC7DCA005CF9C5 /* TestTask.app */ = {isa = PBXFileReference; explicitFileType = wrapper.application; includeInIndex = 0; path = TestTask.app; sourceTree = BUILT_PRODUCTS_DIR; };
		1D5AA1662ACC7DCA005CF9C5 /* AppDelegate.swift */ = {isa = PBXFileReference; lastKnownFileType = sourcecode.swift; path = AppDelegate.swift; sourceTree = "<group>"; };
		1D5AA1682ACC7DCA005CF9C5 /* SceneDelegate.swift */ = {isa = PBXFileReference; lastKnownFileType = sourcecode.swift; path = SceneDelegate.swift; sourceTree = "<group>"; };
		1D5AA16A2ACC7DCA005CF9C5 /* PostsViewController.swift */ = {isa = PBXFileReference; lastKnownFileType = sourcecode.swift; path = PostsViewController.swift; sourceTree = "<group>"; };
		1D5AA16D2ACC7DCA005CF9C5 /* Base */ = {isa = PBXFileReference; lastKnownFileType = file.storyboard; name = Base; path = Base.lproj/PostsStoryboard.storyboard; sourceTree = "<group>"; };
		1D5AA16F2ACC7DCB005CF9C5 /* Assets.xcassets */ = {isa = PBXFileReference; lastKnownFileType = folder.assetcatalog; path = Assets.xcassets; sourceTree = "<group>"; };
		1D5AA1722ACC7DCB005CF9C5 /* Base */ = {isa = PBXFileReference; lastKnownFileType = file.storyboard; name = Base; path = Base.lproj/LaunchScreen.storyboard; sourceTree = "<group>"; };
		1D5AA1742ACC7DCB005CF9C5 /* Info.plist */ = {isa = PBXFileReference; lastKnownFileType = text.plist.xml; path = Info.plist; sourceTree = "<group>"; };
		1DC54EF22ACDF2CF002D4249 /* PostCell.swift */ = {isa = PBXFileReference; lastKnownFileType = sourcecode.swift; path = PostCell.swift; sourceTree = "<group>"; };
		1DC54EF32ACDF2CF002D4249 /* PostCell.xib */ = {isa = PBXFileReference; lastKnownFileType = file.xib; path = PostCell.xib; sourceTree = "<group>"; };
		DFE587E8EF8E2413E1CB4547 /* Pods-TestTask.release.xcconfig */ = {isa = PBXFileReference; includeInIndex = 1; lastKnownFileType = text.xcconfig; name = "Pods-TestTask.release.xcconfig"; path = "Target Support Files/Pods-TestTask/Pods-TestTask.release.xcconfig"; sourceTree = "<group>"; };
		FB5FE5DD41BBF5D0F63F345A /* Pods-TestTask.debug.xcconfig */ = {isa = PBXFileReference; includeInIndex = 1; lastKnownFileType = text.xcconfig; name = "Pods-TestTask.debug.xcconfig"; path = "Target Support Files/Pods-TestTask/Pods-TestTask.debug.xcconfig"; sourceTree = "<group>"; };
		FE9AC8FD66B8B158C013425C /* Pods_TestTask.framework */ = {isa = PBXFileReference; explicitFileType = wrapper.framework; includeInIndex = 0; path = Pods_TestTask.framework; sourceTree = BUILT_PRODUCTS_DIR; };
/* End PBXFileReference section */

/* Begin PBXFrameworksBuildPhase section */
		1D5AA1602ACC7DCA005CF9C5 /* Frameworks */ = {
			isa = PBXFrameworksBuildPhase;
			buildActionMask = 2147483647;
			files = (
				7E5B5D238D8710EA25FFB9BA /* Pods_TestTask.framework in Frameworks */,
			);
			runOnlyForDeploymentPostprocessing = 0;
		};
/* End PBXFrameworksBuildPhase section */

/* Begin PBXGroup section */
		1D3C5CCD2B13BEF3009FB46C /* Nibs */ = {
			isa = PBXGroup;
			children = (
				1D3C5CCE2B13C12E009FB46C /* SpinnerView.xib */,
			);
			path = Nibs;
			sourceTree = "<group>";
		};
		1D43AA1F2ADD9590007ED903 /* DetailPostScreen */ = {
			isa = PBXGroup;
			children = (
				1D43AA282ADDAB4D007ED903 /* Model */,
				1D43AA202ADD9629007ED903 /* DetailPostViewController.swift */,
				1D43AA2D2AE5A182007ED903 /* DetailPostViewModel.swift */,
				1D43AA2F2AE5A640007ED903 /* PostStoryboard.storyboard */,
			);
			path = DetailPostScreen;
			sourceTree = "<group>";
		};
		1D43AA242ADD9FB3007ED903 /* Common */ = {
			isa = PBXGroup;
			children = (
				1D43AA272ADD9FE4007ED903 /* Extensions */,
			);
			path = Common;
			sourceTree = "<group>";
		};
		1D43AA272ADD9FE4007ED903 /* Extensions */ = {
			isa = PBXGroup;
			children = (
				1D43AA252ADD9FDA007ED903 /* UIImageView.swift */,
			);
			path = Extensions;
			sourceTree = "<group>";
		};
		1D43AA282ADDAB4D007ED903 /* Model */ = {
			isa = PBXGroup;
			children = (
				1D43AA292ADDAB89007ED903 /* DetailPostModel.swift */,
			);
			path = Model;
			sourceTree = "<group>";
		};
		1D4C73A62AD47DE500E07768 /* Model */ = {
			isa = PBXGroup;
			children = (
				1D4C73AD2AD4870800E07768 /* PostModel.swift */,
			);
			path = Model;
			sourceTree = "<group>";
		};
		1D4C73A72AD47E3D00E07768 /* Network */ = {
			isa = PBXGroup;
			children = (
				1D4C73A82AD47E5E00E07768 /* NetworkService.swift */,
				1D4C73B12AD4930200E07768 /* PostsRequestResponse.swift */,
				1D43AA2B2ADDB25E007ED903 /* DetailPostRequestResponse.swift */,
			);
			path = Network;
			sourceTree = "<group>";
		};
		1D5AA15A2ACC7DCA005CF9C5 = {
			isa = PBXGroup;
			children = (
				1DC54EEE2ACDEAA8002D4249 /* Sources */,
				1DC54EEF2ACDEAB6002D4249 /* Resources */,
				1D5AA1642ACC7DCA005CF9C5 /* Products */,
				3DB0155DF0ABDEDAA3E5F211 /* Pods */,
				51B689CBE81A5BE67B5FE8C7 /* Frameworks */,
			);
			sourceTree = "<group>";
		};
		1D5AA1642ACC7DCA005CF9C5 /* Products */ = {
			isa = PBXGroup;
			children = (
				1D5AA1632ACC7DCA005CF9C5 /* TestTask.app */,
			);
			name = Products;
			sourceTree = "<group>";
		};
		1DC54EEE2ACDEAA8002D4249 /* Sources */ = {
			isa = PBXGroup;
			children = (
				1D43AA242ADD9FB3007ED903 /* Common */,
				1D4C73A72AD47E3D00E07768 /* Network */,
				1DC54EF02ACDECA9002D4249 /* PostsScreen */,
				1D43AA1F2ADD9590007ED903 /* DetailPostScreen */,
				1DC54EF12ACDF249002D4249 /* PostCell */,
			);
			path = Sources;
			sourceTree = "<group>";
		};
		1DC54EEF2ACDEAB6002D4249 /* Resources */ = {
			isa = PBXGroup;
			children = (
				1D3C5CCD2B13BEF3009FB46C /* Nibs */,
				1D5AA1712ACC7DCB005CF9C5 /* LaunchScreen.storyboard */,
				1D5AA1662ACC7DCA005CF9C5 /* AppDelegate.swift */,
				1D5AA1682ACC7DCA005CF9C5 /* SceneDelegate.swift */,
				1D5AA16F2ACC7DCB005CF9C5 /* Assets.xcassets */,
				1D5AA1742ACC7DCB005CF9C5 /* Info.plist */,
			);
			path = Resources;
			sourceTree = "<group>";
		};
		1DC54EF02ACDECA9002D4249 /* PostsScreen */ = {
			isa = PBXGroup;
			children = (
				1D4C73A62AD47DE500E07768 /* Model */,
				1D5AA16A2ACC7DCA005CF9C5 /* PostsViewController.swift */,
				1D4C73AF2AD487EE00E07768 /* PostsViewModel.swift */,
				1D5AA16C2ACC7DCA005CF9C5 /* PostsStoryboard.storyboard */,
			);
			path = PostsScreen;
			sourceTree = "<group>";
		};
		1DC54EF12ACDF249002D4249 /* PostCell */ = {
			isa = PBXGroup;
			children = (
				1DC54EF22ACDF2CF002D4249 /* PostCell.swift */,
				1DC54EF32ACDF2CF002D4249 /* PostCell.xib */,
			);
			path = PostCell;
			sourceTree = "<group>";
		};
		3DB0155DF0ABDEDAA3E5F211 /* Pods */ = {
			isa = PBXGroup;
			children = (
				FB5FE5DD41BBF5D0F63F345A /* Pods-TestTask.debug.xcconfig */,
				DFE587E8EF8E2413E1CB4547 /* Pods-TestTask.release.xcconfig */,
			);
			path = Pods;
			sourceTree = "<group>";
		};
		51B689CBE81A5BE67B5FE8C7 /* Frameworks */ = {
			isa = PBXGroup;
			children = (
				FE9AC8FD66B8B158C013425C /* Pods_TestTask.framework */,
			);
			name = Frameworks;
			sourceTree = "<group>";
		};
/* End PBXGroup section */

/* Begin PBXNativeTarget section */
		1D5AA1622ACC7DCA005CF9C5 /* TestTask */ = {
			isa = PBXNativeTarget;
			buildConfigurationList = 1D5AA1772ACC7DCB005CF9C5 /* Build configuration list for PBXNativeTarget "TestTask" */;
			buildPhases = (
				1621BB7BDDE33514A633EB54 /* [CP] Check Pods Manifest.lock */,
				1D5AA15F2ACC7DCA005CF9C5 /* Sources */,
				1D5AA1602ACC7DCA005CF9C5 /* Frameworks */,
				1D5AA1612ACC7DCA005CF9C5 /* Resources */,
				BF192BD25A48866A3A3B9852 /* [CP] Embed Pods Frameworks */,
			);
			buildRules = (
			);
			dependencies = (
			);
			name = TestTask;
			productName = TestTask;
			productReference = 1D5AA1632ACC7DCA005CF9C5 /* TestTask.app */;
			productType = "com.apple.product-type.application";
		};
/* End PBXNativeTarget section */

/* Begin PBXProject section */
		1D5AA15B2ACC7DCA005CF9C5 /* Project object */ = {
			isa = PBXProject;
			attributes = {
				BuildIndependentTargetsInParallel = 1;
				LastSwiftUpdateCheck = 1420;
				LastUpgradeCheck = 1420;
				TargetAttributes = {
					1D5AA1622ACC7DCA005CF9C5 = {
						CreatedOnToolsVersion = 14.2;
					};
				};
			};
			buildConfigurationList = 1D5AA15E2ACC7DCA005CF9C5 /* Build configuration list for PBXProject "TestTask" */;
			compatibilityVersion = "Xcode 14.0";
			developmentRegion = en;
			hasScannedForEncodings = 0;
			knownRegions = (
				en,
				Base,
			);
			mainGroup = 1D5AA15A2ACC7DCA005CF9C5;
			productRefGroup = 1D5AA1642ACC7DCA005CF9C5 /* Products */;
			projectDirPath = "";
			projectRoot = "";
			targets = (
				1D5AA1622ACC7DCA005CF9C5 /* TestTask */,
			);
		};
/* End PBXProject section */

/* Begin PBXResourcesBuildPhase section */
		1D5AA1612ACC7DCA005CF9C5 /* Resources */ = {
			isa = PBXResourcesBuildPhase;
			buildActionMask = 2147483647;
			files = (
				1D5AA1732ACC7DCB005CF9C5 /* LaunchScreen.storyboard in Resources */,
				1D43AA302AE5A640007ED903 /* PostStoryboard.storyboard in Resources */,
				1D5AA1702ACC7DCB005CF9C5 /* Assets.xcassets in Resources */,
				1D5AA16E2ACC7DCA005CF9C5 /* PostsStoryboard.storyboard in Resources */,
				1D3C5CCF2B13C12E009FB46C /* SpinnerView.xib in Resources */,
				1DC54EF52ACDF2CF002D4249 /* PostCell.xib in Resources */,
			);
			runOnlyForDeploymentPostprocessing = 0;
		};
/* End PBXResourcesBuildPhase section */

/* Begin PBXShellScriptBuildPhase section */
		1621BB7BDDE33514A633EB54 /* [CP] Check Pods Manifest.lock */ = {
			isa = PBXShellScriptBuildPhase;
			buildActionMask = 2147483647;
			files = (
			);
			inputFileListPaths = (
			);
			inputPaths = (
				"${PODS_PODFILE_DIR_PATH}/Podfile.lock",
				"${PODS_ROOT}/Manifest.lock",
			);
			name = "[CP] Check Pods Manifest.lock";
			outputFileListPaths = (
			);
			outputPaths = (
				"$(DERIVED_FILE_DIR)/Pods-TestTask-checkManifestLockResult.txt",
			);
			runOnlyForDeploymentPostprocessing = 0;
			shellPath = /bin/sh;
			shellScript = "diff \"${PODS_PODFILE_DIR_PATH}/Podfile.lock\" \"${PODS_ROOT}/Manifest.lock\" > /dev/null\nif [ $? != 0 ] ; then\n    # print error to STDERR\n    echo \"error: The sandbox is not in sync with the Podfile.lock. Run 'pod install' or update your CocoaPods installation.\" >&2\n    exit 1\nfi\n# This output is used by Xcode 'outputs' to avoid re-running this script phase.\necho \"SUCCESS\" > \"${SCRIPT_OUTPUT_FILE_0}\"\n";
			showEnvVarsInLog = 0;
		};
		BF192BD25A48866A3A3B9852 /* [CP] Embed Pods Frameworks */ = {
			isa = PBXShellScriptBuildPhase;
			buildActionMask = 2147483647;
			files = (
			);
			inputFileListPaths = (
				"${PODS_ROOT}/Target Support Files/Pods-TestTask/Pods-TestTask-frameworks-${CONFIGURATION}-input-files.xcfilelist",
			);
			name = "[CP] Embed Pods Frameworks";
			outputFileListPaths = (
				"${PODS_ROOT}/Target Support Files/Pods-TestTask/Pods-TestTask-frameworks-${CONFIGURATION}-output-files.xcfilelist",
			);
			runOnlyForDeploymentPostprocessing = 0;
			shellPath = /bin/sh;
			shellScript = "\"${PODS_ROOT}/Target Support Files/Pods-TestTask/Pods-TestTask-frameworks.sh\"\n";
			showEnvVarsInLog = 0;
		};
/* End PBXShellScriptBuildPhase section */

/* Begin PBXSourcesBuildPhase section */
		1D5AA15F2ACC7DCA005CF9C5 /* Sources */ = {
			isa = PBXSourcesBuildPhase;
			buildActionMask = 2147483647;
			files = (
				1D43AA212ADD9629007ED903 /* DetailPostViewController.swift in Sources */,
				1D43AA2A2ADDAB89007ED903 /* DetailPostModel.swift in Sources */,
				1D43AA2E2AE5A182007ED903 /* DetailPostViewModel.swift in Sources */,
				1D5AA16B2ACC7DCA005CF9C5 /* PostsViewController.swift in Sources */,
				1D4C73A92AD47E5E00E07768 /* NetworkService.swift in Sources */,
				1D5AA1672ACC7DCA005CF9C5 /* AppDelegate.swift in Sources */,
				1D43AA262ADD9FDA007ED903 /* UIImageView.swift in Sources */,
				1D4C73AE2AD4870800E07768 /* PostModel.swift in Sources */,
				1D43AA2C2ADDB25E007ED903 /* DetailPostRequestResponse.swift in Sources */,
				1D5AA1692ACC7DCA005CF9C5 /* SceneDelegate.swift in Sources */,
				1DC54EF42ACDF2CF002D4249 /* PostCell.swift in Sources */,
				1D4C73B22AD4930200E07768 /* PostsRequestResponse.swift in Sources */,
				1D4C73B02AD487EE00E07768 /* PostsViewModel.swift in Sources */,
			);
			runOnlyForDeploymentPostprocessing = 0;
		};
/* End PBXSourcesBuildPhase section */

/* Begin PBXVariantGroup section */
		1D5AA16C2ACC7DCA005CF9C5 /* PostsStoryboard.storyboard */ = {
			isa = PBXVariantGroup;
			children = (
				1D5AA16D2ACC7DCA005CF9C5 /* Base */,
			);
			name = PostsStoryboard.storyboard;
			sourceTree = "<group>";
		};
		1D5AA1712ACC7DCB005CF9C5 /* LaunchScreen.storyboard */ = {
			isa = PBXVariantGroup;
			children = (
				1D5AA1722ACC7DCB005CF9C5 /* Base */,
			);
			name = LaunchScreen.storyboard;
			sourceTree = "<group>";
		};
/* End PBXVariantGroup section */

/* Begin XCBuildConfiguration section */
		1D5AA1752ACC7DCB005CF9C5 /* Debug */ = {
			isa = XCBuildConfiguration;
			buildSettings = {
				ALWAYS_SEARCH_USER_PATHS = NO;
				CLANG_ANALYZER_NONNULL = YES;
				CLANG_ANALYZER_NUMBER_OBJECT_CONVERSION = YES_AGGRESSIVE;
				CLANG_CXX_LANGUAGE_STANDARD = "gnu++20";
				CLANG_ENABLE_MODULES = YES;
				CLANG_ENABLE_OBJC_ARC = YES;
				CLANG_ENABLE_OBJC_WEAK = YES;
				CLANG_WARN_BLOCK_CAPTURE_AUTORELEASING = YES;
				CLANG_WARN_BOOL_CONVERSION = YES;
				CLANG_WARN_COMMA = YES;
				CLANG_WARN_CONSTANT_CONVERSION = YES;
				CLANG_WARN_DEPRECATED_OBJC_IMPLEMENTATIONS = YES;
				CLANG_WARN_DIRECT_OBJC_ISA_USAGE = YES_ERROR;
				CLANG_WARN_DOCUMENTATION_COMMENTS = YES;
				CLANG_WARN_EMPTY_BODY = YES;
				CLANG_WARN_ENUM_CONVERSION = YES;
				CLANG_WARN_INFINITE_RECURSION = YES;
				CLANG_WARN_INT_CONVERSION = YES;
				CLANG_WARN_NON_LITERAL_NULL_CONVERSION = YES;
				CLANG_WARN_OBJC_IMPLICIT_RETAIN_SELF = YES;
				CLANG_WARN_OBJC_LITERAL_CONVERSION = YES;
				CLANG_WARN_OBJC_ROOT_CLASS = YES_ERROR;
				CLANG_WARN_QUOTED_INCLUDE_IN_FRAMEWORK_HEADER = YES;
				CLANG_WARN_RANGE_LOOP_ANALYSIS = YES;
				CLANG_WARN_STRICT_PROTOTYPES = YES;
				CLANG_WARN_SUSPICIOUS_MOVE = YES;
				CLANG_WARN_UNGUARDED_AVAILABILITY = YES_AGGRESSIVE;
				CLANG_WARN_UNREACHABLE_CODE = YES;
				CLANG_WARN__DUPLICATE_METHOD_MATCH = YES;
				COPY_PHASE_STRIP = NO;
				DEBUG_INFORMATION_FORMAT = dwarf;
				ENABLE_STRICT_OBJC_MSGSEND = YES;
				ENABLE_TESTABILITY = YES;
				GCC_C_LANGUAGE_STANDARD = gnu11;
				GCC_DYNAMIC_NO_PIC = NO;
				GCC_NO_COMMON_BLOCKS = YES;
				GCC_OPTIMIZATION_LEVEL = 0;
				GCC_PREPROCESSOR_DEFINITIONS = (
					"DEBUG=1",
					"$(inherited)",
				);
				GCC_WARN_64_TO_32_BIT_CONVERSION = YES;
				GCC_WARN_ABOUT_RETURN_TYPE = YES_ERROR;
				GCC_WARN_UNDECLARED_SELECTOR = YES;
				GCC_WARN_UNINITIALIZED_AUTOS = YES_AGGRESSIVE;
				GCC_WARN_UNUSED_FUNCTION = YES;
				GCC_WARN_UNUSED_VARIABLE = YES;
				IPHONEOS_DEPLOYMENT_TARGET = 16.2;
				MTL_ENABLE_DEBUG_INFO = INCLUDE_SOURCE;
				MTL_FAST_MATH = YES;
				ONLY_ACTIVE_ARCH = YES;
				SDKROOT = iphoneos;
				SWIFT_ACTIVE_COMPILATION_CONDITIONS = DEBUG;
				SWIFT_OPTIMIZATION_LEVEL = "-Onone";
			};
			name = Debug;
		};
		1D5AA1762ACC7DCB005CF9C5 /* Release */ = {
			isa = XCBuildConfiguration;
			buildSettings = {
				ALWAYS_SEARCH_USER_PATHS = NO;
				CLANG_ANALYZER_NONNULL = YES;
				CLANG_ANALYZER_NUMBER_OBJECT_CONVERSION = YES_AGGRESSIVE;
				CLANG_CXX_LANGUAGE_STANDARD = "gnu++20";
				CLANG_ENABLE_MODULES = YES;
				CLANG_ENABLE_OBJC_ARC = YES;
				CLANG_ENABLE_OBJC_WEAK = YES;
				CLANG_WARN_BLOCK_CAPTURE_AUTORELEASING = YES;
				CLANG_WARN_BOOL_CONVERSION = YES;
				CLANG_WARN_COMMA = YES;
				CLANG_WARN_CONSTANT_CONVERSION = YES;
				CLANG_WARN_DEPRECATED_OBJC_IMPLEMENTATIONS = YES;
				CLANG_WARN_DIRECT_OBJC_ISA_USAGE = YES_ERROR;
				CLANG_WARN_DOCUMENTATION_COMMENTS = YES;
				CLANG_WARN_EMPTY_BODY = YES;
				CLANG_WARN_ENUM_CONVERSION = YES;
				CLANG_WARN_INFINITE_RECURSION = YES;
				CLANG_WARN_INT_CONVERSION = YES;
				CLANG_WARN_NON_LITERAL_NULL_CONVERSION = YES;
				CLANG_WARN_OBJC_IMPLICIT_RETAIN_SELF = YES;
				CLANG_WARN_OBJC_LITERAL_CONVERSION = YES;
				CLANG_WARN_OBJC_ROOT_CLASS = YES_ERROR;
				CLANG_WARN_QUOTED_INCLUDE_IN_FRAMEWORK_HEADER = YES;
				CLANG_WARN_RANGE_LOOP_ANALYSIS = YES;
				CLANG_WARN_STRICT_PROTOTYPES = YES;
				CLANG_WARN_SUSPICIOUS_MOVE = YES;
				CLANG_WARN_UNGUARDED_AVAILABILITY = YES_AGGRESSIVE;
				CLANG_WARN_UNREACHABLE_CODE = YES;
				CLANG_WARN__DUPLICATE_METHOD_MATCH = YES;
				COPY_PHASE_STRIP = NO;
				DEBUG_INFORMATION_FORMAT = "dwarf-with-dsym";
				ENABLE_NS_ASSERTIONS = NO;
				ENABLE_STRICT_OBJC_MSGSEND = YES;
				GCC_C_LANGUAGE_STANDARD = gnu11;
				GCC_NO_COMMON_BLOCKS = YES;
				GCC_WARN_64_TO_32_BIT_CONVERSION = YES;
				GCC_WARN_ABOUT_RETURN_TYPE = YES_ERROR;
				GCC_WARN_UNDECLARED_SELECTOR = YES;
				GCC_WARN_UNINITIALIZED_AUTOS = YES_AGGRESSIVE;
				GCC_WARN_UNUSED_FUNCTION = YES;
				GCC_WARN_UNUSED_VARIABLE = YES;
				IPHONEOS_DEPLOYMENT_TARGET = 16.2;
				MTL_ENABLE_DEBUG_INFO = NO;
				MTL_FAST_MATH = YES;
				SDKROOT = iphoneos;
				SWIFT_COMPILATION_MODE = wholemodule;
				SWIFT_OPTIMIZATION_LEVEL = "-O";
				VALIDATE_PRODUCT = YES;
			};
			name = Release;
		};
		1D5AA1782ACC7DCB005CF9C5 /* Debug */ = {
			isa = XCBuildConfiguration;
			baseConfigurationReference = FB5FE5DD41BBF5D0F63F345A /* Pods-TestTask.debug.xcconfig */;
			buildSettings = {
				ASSETCATALOG_COMPILER_APPICON_NAME = AppIcon;
				ASSETCATALOG_COMPILER_GLOBAL_ACCENT_COLOR_NAME = AccentColor;
				CODE_SIGN_STYLE = Automatic;
				CURRENT_PROJECT_VERSION = 1;
				DEVELOPMENT_TEAM = CHL34W9FC3;
				GENERATE_INFOPLIST_FILE = YES;
				INFOPLIST_FILE = Resources/Info.plist;
				INFOPLIST_KEY_UIApplicationSupportsIndirectInputEvents = YES;
				INFOPLIST_KEY_UILaunchStoryboardName = LaunchScreen;
				INFOPLIST_KEY_UIMainStoryboardFile = PostsStoryboard;
				INFOPLIST_KEY_UISupportedInterfaceOrientations = UIInterfaceOrientationPortrait;
				INFOPLIST_KEY_UISupportedInterfaceOrientations_iPad = "UIInterfaceOrientationLandscapeLeft UIInterfaceOrientationLandscapeRight UIInterfaceOrientationPortrait UIInterfaceOrientationPortraitUpsideDown";
				IPHONEOS_DEPLOYMENT_TARGET = 14.0;
				LD_RUNPATH_SEARCH_PATHS = (
					"$(inherited)",
					"@executable_path/Frameworks",
				);
				MARKETING_VERSION = 1.0;
				PRODUCT_BUNDLE_IDENTIFIER = hello.TestTask;
				PRODUCT_NAME = "$(TARGET_NAME)";
				SUPPORTED_PLATFORMS = "iphoneos iphonesimulator";
				SUPPORTS_MACCATALYST = NO;
				SUPPORTS_MAC_DESIGNED_FOR_IPHONE_IPAD = NO;
				SWIFT_EMIT_LOC_STRINGS = YES;
				SWIFT_VERSION = 5.0;
				TARGETED_DEVICE_FAMILY = 1;
			};
			name = Debug;
		};
		1D5AA1792ACC7DCB005CF9C5 /* Release */ = {
			isa = XCBuildConfiguration;
			baseConfigurationReference = DFE587E8EF8E2413E1CB4547 /* Pods-TestTask.release.xcconfig */;
			buildSettings = {
				ASSETCATALOG_COMPILER_APPICON_NAME = AppIcon;
				ASSETCATALOG_COMPILER_GLOBAL_ACCENT_COLOR_NAME = AccentColor;
				CODE_SIGN_STYLE = Automatic;
				CURRENT_PROJECT_VERSION = 1;
				DEVELOPMENT_TEAM = CHL34W9FC3;
				GENERATE_INFOPLIST_FILE = YES;
				INFOPLIST_FILE = Resources/Info.plist;
				INFOPLIST_KEY_UIApplicationSupportsIndirectInputEvents = YES;
				INFOPLIST_KEY_UILaunchStoryboardName = LaunchScreen;
				INFOPLIST_KEY_UIMainStoryboardFile = PostsStoryboard;
				INFOPLIST_KEY_UISupportedInterfaceOrientations = UIInterfaceOrientationPortrait;
				INFOPLIST_KEY_UISupportedInterfaceOrientations_iPad = "UIInterfaceOrientationLandscapeLeft UIInterfaceOrientationLandscapeRight UIInterfaceOrientationPortrait UIInterfaceOrientationPortraitUpsideDown";
				IPHONEOS_DEPLOYMENT_TARGET = 14.0;
				LD_RUNPATH_SEARCH_PATHS = (
					"$(inherited)",
					"@executable_path/Frameworks",
				);
				MARKETING_VERSION = 1.0;
				PRODUCT_BUNDLE_IDENTIFIER = hello.TestTask;
				PRODUCT_NAME = "$(TARGET_NAME)";
				SUPPORTED_PLATFORMS = "iphoneos iphonesimulator";
				SUPPORTS_MACCATALYST = NO;
				SUPPORTS_MAC_DESIGNED_FOR_IPHONE_IPAD = NO;
				SWIFT_EMIT_LOC_STRINGS = YES;
				SWIFT_VERSION = 5.0;
				TARGETED_DEVICE_FAMILY = 1;
			};
			name = Release;
		};
/* End XCBuildConfiguration section */

/* Begin XCConfigurationList section */
		1D5AA15E2ACC7DCA005CF9C5 /* Build configuration list for PBXProject "TestTask" */ = {
			isa = XCConfigurationList;
			buildConfigurations = (
				1D5AA1752ACC7DCB005CF9C5 /* Debug */,
				1D5AA1762ACC7DCB005CF9C5 /* Release */,
			);
			defaultConfigurationIsVisible = 0;
			defaultConfigurationName = Release;
		};
		1D5AA1772ACC7DCB005CF9C5 /* Build configuration list for PBXNativeTarget "TestTask" */ = {
			isa = XCConfigurationList;
			buildConfigurations = (
				1D5AA1782ACC7DCB005CF9C5 /* Debug */,
				1D5AA1792ACC7DCB005CF9C5 /* Release */,
			);
			defaultConfigurationIsVisible = 0;
			defaultConfigurationName = Release;
		};
/* End XCConfigurationList section */
	};
	rootObject = 1D5AA15B2ACC7DCA005CF9C5 /* Project object */;
}
